// !$*UTF8*$!
{
	archiveVersion = 1;
	classes = {
	};
	objectVersion = 50;
	objects = {

/* Begin PBXBuildFile section */
		D03015572601141300048148 /* AppDelegate.swift in Sources */ = {isa = PBXBuildFile; fileRef = D03015562601141300048148 /* AppDelegate.swift */; };
		D03015592601141300048148 /* SceneDelegate.swift in Sources */ = {isa = PBXBuildFile; fileRef = D03015582601141300048148 /* SceneDelegate.swift */; };
		D030155B2601141300048148 /* ViewController.swift in Sources */ = {isa = PBXBuildFile; fileRef = D030155A2601141300048148 /* ViewController.swift */; };
		D030155E2601141300048148 /* Main.storyboard in Resources */ = {isa = PBXBuildFile; fileRef = D030155C2601141300048148 /* Main.storyboard */; };
		D03015602601141800048148 /* Assets.xcassets in Resources */ = {isa = PBXBuildFile; fileRef = D030155F2601141800048148 /* Assets.xcassets */; };
		D03015632601141800048148 /* LaunchScreen.storyboard in Resources */ = {isa = PBXBuildFile; fileRef = D03015612601141800048148 /* LaunchScreen.storyboard */; };
		D030156E2601141900048148 /* BartenderTests.swift in Sources */ = {isa = PBXBuildFile; fileRef = D030156D2601141900048148 /* BartenderTests.swift */; };
		D03015792601141900048148 /* BartenderUITests.swift in Sources */ = {isa = PBXBuildFile; fileRef = D03015782601141900048148 /* BartenderUITests.swift */; };
/* End PBXBuildFile section */

/* Begin PBXContainerItemProxy section */
		D030156A2601141900048148 /* PBXContainerItemProxy */ = {
			isa = PBXContainerItemProxy;
			containerPortal = D030154B2601141300048148 /* Project object */;
			proxyType = 1;
			remoteGlobalIDString = D03015522601141300048148;
			remoteInfo = Bartender;
		};
		D03015752601141900048148 /* PBXContainerItemProxy */ = {
			isa = PBXContainerItemProxy;
			containerPortal = D030154B2601141300048148 /* Project object */;
			proxyType = 1;
			remoteGlobalIDString = D03015522601141300048148;
			remoteInfo = Bartender;
		};
/* End PBXContainerItemProxy section */

/* Begin PBXFileReference section */
		D03015532601141300048148 /* Bartender.app */ = {isa = PBXFileReference; explicitFileType = wrapper.application; includeInIndex = 0; path = Bartender.app; sourceTree = BUILT_PRODUCTS_DIR; };
		D03015562601141300048148 /* AppDelegate.swift */ = {isa = PBXFileReference; lastKnownFileType = sourcecode.swift; path = AppDelegate.swift; sourceTree = "<group>"; };
		D03015582601141300048148 /* SceneDelegate.swift */ = {isa = PBXFileReference; lastKnownFileType = sourcecode.swift; path = SceneDelegate.swift; sourceTree = "<group>"; };
		D030155A2601141300048148 /* ViewController.swift */ = {isa = PBXFileReference; lastKnownFileType = sourcecode.swift; path = ViewController.swift; sourceTree = "<group>"; };
		D030155D2601141300048148 /* Base */ = {isa = PBXFileReference; lastKnownFileType = file.storyboard; name = Base; path = Base.lproj/Main.storyboard; sourceTree = "<group>"; };
		D030155F2601141800048148 /* Assets.xcassets */ = {isa = PBXFileReference; lastKnownFileType = folder.assetcatalog; path = Assets.xcassets; sourceTree = "<group>"; };
		D03015622601141800048148 /* Base */ = {isa = PBXFileReference; lastKnownFileType = file.storyboard; name = Base; path = Base.lproj/LaunchScreen.storyboard; sourceTree = "<group>"; };
		D03015642601141800048148 /* Info.plist */ = {isa = PBXFileReference; lastKnownFileType = text.plist.xml; path = Info.plist; sourceTree = "<group>"; };
		D03015692601141900048148 /* BartenderTests.xctest */ = {isa = PBXFileReference; explicitFileType = wrapper.cfbundle; includeInIndex = 0; path = BartenderTests.xctest; sourceTree = BUILT_PRODUCTS_DIR; };
		D030156D2601141900048148 /* BartenderTests.swift */ = {isa = PBXFileReference; lastKnownFileType = sourcecode.swift; path = BartenderTests.swift; sourceTree = "<group>"; };
		D030156F2601141900048148 /* Info.plist */ = {isa = PBXFileReference; lastKnownFileType = text.plist.xml; path = Info.plist; sourceTree = "<group>"; };
		D03015742601141900048148 /* BartenderUITests.xctest */ = {isa = PBXFileReference; explicitFileType = wrapper.cfbundle; includeInIndex = 0; path = BartenderUITests.xctest; sourceTree = BUILT_PRODUCTS_DIR; };
		D03015782601141900048148 /* BartenderUITests.swift */ = {isa = PBXFileReference; lastKnownFileType = sourcecode.swift; path = BartenderUITests.swift; sourceTree = "<group>"; };
		D030157A2601141900048148 /* Info.plist */ = {isa = PBXFileReference; lastKnownFileType = text.plist.xml; path = Info.plist; sourceTree = "<group>"; };
/* End PBXFileReference section */

/* Begin PBXFrameworksBuildPhase section */
		D03015502601141300048148 /* Frameworks */ = {
			isa = PBXFrameworksBuildPhase;
			buildActionMask = 2147483647;
			files = (
			);
			runOnlyForDeploymentPostprocessing = 0;
		};
		D03015662601141900048148 /* Frameworks */ = {
			isa = PBXFrameworksBuildPhase;
			buildActionMask = 2147483647;
			files = (
			);
			runOnlyForDeploymentPostprocessing = 0;
		};
		D03015712601141900048148 /* Frameworks */ = {
			isa = PBXFrameworksBuildPhase;
			buildActionMask = 2147483647;
			files = (
			);
			runOnlyForDeploymentPostprocessing = 0;
		};
/* End PBXFrameworksBuildPhase section */

/* Begin PBXGroup section */
		D030154A2601141300048148 = {
			isa = PBXGroup;
			children = (
				D03015552601141300048148 /* Bartender */,
				D030156C2601141900048148 /* BartenderTests */,
				D03015772601141900048148 /* BartenderUITests */,
				D03015542601141300048148 /* Products */,
			);
			sourceTree = "<group>";
		};
		D03015542601141300048148 /* Products */ = {
			isa = PBXGroup;
			children = (
				D03015532601141300048148 /* Bartender.app */,
				D03015692601141900048148 /* BartenderTests.xctest */,
				D03015742601141900048148 /* BartenderUITests.xctest */,
			);
			name = Products;
			sourceTree = "<group>";
		};
		D03015552601141300048148 /* Bartender */ = {
			isa = PBXGroup;
			children = (
				D03015562601141300048148 /* AppDelegate.swift */,
				D03015582601141300048148 /* SceneDelegate.swift */,
				D030155A2601141300048148 /* ViewController.swift */,
				D030155C2601141300048148 /* Main.storyboard */,
				D030155F2601141800048148 /* Assets.xcassets */,
				D03015612601141800048148 /* LaunchScreen.storyboard */,
				D03015642601141800048148 /* Info.plist */,
			);
			path = Bartender;
			sourceTree = "<group>";
		};
		D030156C2601141900048148 /* BartenderTests */ = {
			isa = PBXGroup;
			children = (
				D030156D2601141900048148 /* BartenderTests.swift */,
				D030156F2601141900048148 /* Info.plist */,
			);
			path = BartenderTests;
			sourceTree = "<group>";
		};
		D03015772601141900048148 /* BartenderUITests */ = {
			isa = PBXGroup;
			children = (
				D03015782601141900048148 /* BartenderUITests.swift */,
				D030157A2601141900048148 /* Info.plist */,
			);
			path = BartenderUITests;
			sourceTree = "<group>";
		};
/* End PBXGroup section */

/* Begin PBXNativeTarget section */
		D03015522601141300048148 /* Bartender */ = {
			isa = PBXNativeTarget;
			buildConfigurationList = D030157D2601141900048148 /* Build configuration list for PBXNativeTarget "Bartender" */;
			buildPhases = (
				D030154F2601141300048148 /* Sources */,
				D03015502601141300048148 /* Frameworks */,
				D03015512601141300048148 /* Resources */,
			);
			buildRules = (
			);
			dependencies = (
			);
			name = Bartender;
			productName = Bartender;
			productReference = D03015532601141300048148 /* Bartender.app */;
			productType = "com.apple.product-type.application";
		};
		D03015682601141900048148 /* BartenderTests */ = {
			isa = PBXNativeTarget;
			buildConfigurationList = D03015802601141900048148 /* Build configuration list for PBXNativeTarget "BartenderTests" */;
			buildPhases = (
				D03015652601141900048148 /* Sources */,
				D03015662601141900048148 /* Frameworks */,
				D03015672601141900048148 /* Resources */,
			);
			buildRules = (
			);
			dependencies = (
				D030156B2601141900048148 /* PBXTargetDependency */,
			);
			name = BartenderTests;
			productName = BartenderTests;
			productReference = D03015692601141900048148 /* BartenderTests.xctest */;
			productType = "com.apple.product-type.bundle.unit-test";
		};
		D03015732601141900048148 /* BartenderUITests */ = {
			isa = PBXNativeTarget;
			buildConfigurationList = D03015832601141900048148 /* Build configuration list for PBXNativeTarget "BartenderUITests" */;
			buildPhases = (
				D03015702601141900048148 /* Sources */,
				D03015712601141900048148 /* Frameworks */,
				D03015722601141900048148 /* Resources */,
			);
			buildRules = (
			);
			dependencies = (
				D03015762601141900048148 /* PBXTargetDependency */,
			);
			name = BartenderUITests;
			productName = BartenderUITests;
			productReference = D03015742601141900048148 /* BartenderUITests.xctest */;
			productType = "com.apple.product-type.bundle.ui-testing";
		};
/* End PBXNativeTarget section */

/* Begin PBXProject section */
		D030154B2601141300048148 /* Project object */ = {
			isa = PBXProject;
			attributes = {
				LastSwiftUpdateCheck = 1240;
				LastUpgradeCheck = 1240;
				TargetAttributes = {
					D03015522601141300048148 = {
						CreatedOnToolsVersion = 12.4;
					};
					D03015682601141900048148 = {
						CreatedOnToolsVersion = 12.4;
						TestTargetID = D03015522601141300048148;
					};
					D03015732601141900048148 = {
						CreatedOnToolsVersion = 12.4;
						TestTargetID = D03015522601141300048148;
					};
				};
			};
			buildConfigurationList = D030154E2601141300048148 /* Build configuration list for PBXProject "Bartender" */;
			compatibilityVersion = "Xcode 9.3";
			developmentRegion = en;
			hasScannedForEncodings = 0;
			knownRegions = (
				en,
				Base,
			);
			mainGroup = D030154A2601141300048148;
			productRefGroup = D03015542601141300048148 /* Products */;
			projectDirPath = "";
			projectRoot = "";
			targets = (
				D03015522601141300048148 /* Bartender */,
				D03015682601141900048148 /* BartenderTests */,
				D03015732601141900048148 /* BartenderUITests */,
			);
		};
/* End PBXProject section */

/* Begin PBXResourcesBuildPhase section */
		D03015512601141300048148 /* Resources */ = {
			isa = PBXResourcesBuildPhase;
			buildActionMask = 2147483647;
			files = (
				D03015632601141800048148 /* LaunchScreen.storyboard in Resources */,
				D03015602601141800048148 /* Assets.xcassets in Resources */,
				D030155E2601141300048148 /* Main.storyboard in Resources */,
			);
			runOnlyForDeploymentPostprocessing = 0;
		};
		D03015672601141900048148 /* Resources */ = {
			isa = PBXResourcesBuildPhase;
			buildActionMask = 2147483647;
			files = (
			);
			runOnlyForDeploymentPostprocessing = 0;
		};
		D03015722601141900048148 /* Resources */ = {
			isa = PBXResourcesBuildPhase;
			buildActionMask = 2147483647;
			files = (
			);
			runOnlyForDeploymentPostprocessing = 0;
		};
/* End PBXResourcesBuildPhase section */

/* Begin PBXSourcesBuildPhase section */
		D030154F2601141300048148 /* Sources */ = {
			isa = PBXSourcesBuildPhase;
			buildActionMask = 2147483647;
			files = (
				D030155B2601141300048148 /* ViewController.swift in Sources */,
				D03015572601141300048148 /* AppDelegate.swift in Sources */,
				D03015592601141300048148 /* SceneDelegate.swift in Sources */,
			);
			runOnlyForDeploymentPostprocessing = 0;
		};
		D03015652601141900048148 /* Sources */ = {
			isa = PBXSourcesBuildPhase;
			buildActionMask = 2147483647;
			files = (
				D030156E2601141900048148 /* BartenderTests.swift in Sources */,
			);
			runOnlyForDeploymentPostprocessing = 0;
		};
		D03015702601141900048148 /* Sources */ = {
			isa = PBXSourcesBuildPhase;
			buildActionMask = 2147483647;
			files = (
				D03015792601141900048148 /* BartenderUITests.swift in Sources */,
			);
			runOnlyForDeploymentPostprocessing = 0;
		};
/* End PBXSourcesBuildPhase section */

/* Begin PBXTargetDependency section */
		D030156B2601141900048148 /* PBXTargetDependency */ = {
			isa = PBXTargetDependency;
			target = D03015522601141300048148 /* Bartender */;
			targetProxy = D030156A2601141900048148 /* PBXContainerItemProxy */;
		};
		D03015762601141900048148 /* PBXTargetDependency */ = {
			isa = PBXTargetDependency;
			target = D03015522601141300048148 /* Bartender */;
			targetProxy = D03015752601141900048148 /* PBXContainerItemProxy */;
		};
/* End PBXTargetDependency section */

/* Begin PBXVariantGroup section */
		D030155C2601141300048148 /* Main.storyboard */ = {
			isa = PBXVariantGroup;
			children = (
				D030155D2601141300048148 /* Base */,
			);
			name = Main.storyboard;
			sourceTree = "<group>";
		};
		D03015612601141800048148 /* LaunchScreen.storyboard */ = {
			isa = PBXVariantGroup;
			children = (
				D03015622601141800048148 /* Base */,
			);
			name = LaunchScreen.storyboard;
			sourceTree = "<group>";
		};
/* End PBXVariantGroup section */

/* Begin XCBuildConfiguration section */
		D030157B2601141900048148 /* Debug */ = {
			isa = XCBuildConfiguration;
			buildSettings = {
				ALWAYS_SEARCH_USER_PATHS = NO;
				CLANG_ANALYZER_NONNULL = YES;
				CLANG_ANALYZER_NUMBER_OBJECT_CONVERSION = YES_AGGRESSIVE;
				CLANG_CXX_LANGUAGE_STANDARD = "gnu++14";
				CLANG_CXX_LIBRARY = "libc++";
				CLANG_ENABLE_MODULES = YES;
				CLANG_ENABLE_OBJC_ARC = YES;
				CLANG_ENABLE_OBJC_WEAK = YES;
				CLANG_WARN_BLOCK_CAPTURE_AUTORELEASING = YES;
				CLANG_WARN_BOOL_CONVERSION = YES;
				CLANG_WARN_COMMA = YES;
				CLANG_WARN_CONSTANT_CONVERSION = YES;
				CLANG_WARN_DEPRECATED_OBJC_IMPLEMENTATIONS = YES;
				CLANG_WARN_DIRECT_OBJC_ISA_USAGE = YES_ERROR;
				CLANG_WARN_DOCUMENTATION_COMMENTS = YES;
				CLANG_WARN_EMPTY_BODY = YES;
				CLANG_WARN_ENUM_CONVERSION = YES;
				CLANG_WARN_INFINITE_RECURSION = YES;
				CLANG_WARN_INT_CONVERSION = YES;
				CLANG_WARN_NON_LITERAL_NULL_CONVERSION = YES;
				CLANG_WARN_OBJC_IMPLICIT_RETAIN_SELF = YES;
				CLANG_WARN_OBJC_LITERAL_CONVERSION = YES;
				CLANG_WARN_OBJC_ROOT_CLASS = YES_ERROR;
				CLANG_WARN_QUOTED_INCLUDE_IN_FRAMEWORK_HEADER = YES;
				CLANG_WARN_RANGE_LOOP_ANALYSIS = YES;
				CLANG_WARN_STRICT_PROTOTYPES = YES;
				CLANG_WARN_SUSPICIOUS_MOVE = YES;
				CLANG_WARN_UNGUARDED_AVAILABILITY = YES_AGGRESSIVE;
				CLANG_WARN_UNREACHABLE_CODE = YES;
				CLANG_WARN__DUPLICATE_METHOD_MATCH = YES;
				COPY_PHASE_STRIP = NO;
				DEBUG_INFORMATION_FORMAT = dwarf;
				ENABLE_STRICT_OBJC_MSGSEND = YES;
				ENABLE_TESTABILITY = YES;
				GCC_C_LANGUAGE_STANDARD = gnu11;
				GCC_DYNAMIC_NO_PIC = NO;
				GCC_NO_COMMON_BLOCKS = YES;
				GCC_OPTIMIZATION_LEVEL = 0;
				GCC_PREPROCESSOR_DEFINITIONS = (
					"DEBUG=1",
					"$(inherited)",
				);
				GCC_WARN_64_TO_32_BIT_CONVERSION = YES;
				GCC_WARN_ABOUT_RETURN_TYPE = YES_ERROR;
				GCC_WARN_UNDECLARED_SELECTOR = YES;
				GCC_WARN_UNINITIALIZED_AUTOS = YES_AGGRESSIVE;
				GCC_WARN_UNUSED_FUNCTION = YES;
				GCC_WARN_UNUSED_VARIABLE = YES;
				IPHONEOS_DEPLOYMENT_TARGET = 14.4;
				MTL_ENABLE_DEBUG_INFO = INCLUDE_SOURCE;
				MTL_FAST_MATH = YES;
				ONLY_ACTIVE_ARCH = YES;
				SDKROOT = iphoneos;
				SWIFT_ACTIVE_COMPILATION_CONDITIONS = DEBUG;
				SWIFT_OPTIMIZATION_LEVEL = "-Onone";
			};
			name = Debug;
		};
		D030157C2601141900048148 /* Release */ = {
			isa = XCBuildConfiguration;
			buildSettings = {
				ALWAYS_SEARCH_USER_PATHS = NO;
				CLANG_ANALYZER_NONNULL = YES;
				CLANG_ANALYZER_NUMBER_OBJECT_CONVERSION = YES_AGGRESSIVE;
				CLANG_CXX_LANGUAGE_STANDARD = "gnu++14";
				CLANG_CXX_LIBRARY = "libc++";
				CLANG_ENABLE_MODULES = YES;
				CLANG_ENABLE_OBJC_ARC = YES;
				CLANG_ENABLE_OBJC_WEAK = YES;
				CLANG_WARN_BLOCK_CAPTURE_AUTORELEASING = YES;
				CLANG_WARN_BOOL_CONVERSION = YES;
				CLANG_WARN_COMMA = YES;
				CLANG_WARN_CONSTANT_CONVERSION = YES;
				CLANG_WARN_DEPRECATED_OBJC_IMPLEMENTATIONS = YES;
				CLANG_WARN_DIRECT_OBJC_ISA_USAGE = YES_ERROR;
				CLANG_WARN_DOCUMENTATION_COMMENTS = YES;
				CLANG_WARN_EMPTY_BODY = YES;
				CLANG_WARN_ENUM_CONVERSION = YES;
				CLANG_WARN_INFINITE_RECURSION = YES;
				CLANG_WARN_INT_CONVERSION = YES;
				CLANG_WARN_NON_LITERAL_NULL_CONVERSION = YES;
				CLANG_WARN_OBJC_IMPLICIT_RETAIN_SELF = YES;
				CLANG_WARN_OBJC_LITERAL_CONVERSION = YES;
				CLANG_WARN_OBJC_ROOT_CLASS = YES_ERROR;
				CLANG_WARN_QUOTED_INCLUDE_IN_FRAMEWORK_HEADER = YES;
				CLANG_WARN_RANGE_LOOP_ANALYSIS = YES;
				CLANG_WARN_STRICT_PROTOTYPES = YES;
				CLANG_WARN_SUSPICIOUS_MOVE = YES;
				CLANG_WARN_UNGUARDED_AVAILABILITY = YES_AGGRESSIVE;
				CLANG_WARN_UNREACHABLE_CODE = YES;
				CLANG_WARN__DUPLICATE_METHOD_MATCH = YES;
				COPY_PHASE_STRIP = NO;
				DEBUG_INFORMATION_FORMAT = "dwarf-with-dsym";
				ENABLE_NS_ASSERTIONS = NO;
				ENABLE_STRICT_OBJC_MSGSEND = YES;
				GCC_C_LANGUAGE_STANDARD = gnu11;
				GCC_NO_COMMON_BLOCKS = YES;
				GCC_WARN_64_TO_32_BIT_CONVERSION = YES;
				GCC_WARN_ABOUT_RETURN_TYPE = YES_ERROR;
				GCC_WARN_UNDECLARED_SELECTOR = YES;
				GCC_WARN_UNINITIALIZED_AUTOS = YES_AGGRESSIVE;
				GCC_WARN_UNUSED_FUNCTION = YES;
				GCC_WARN_UNUSED_VARIABLE = YES;
				IPHONEOS_DEPLOYMENT_TARGET = 14.4;
				MTL_ENABLE_DEBUG_INFO = NO;
				MTL_FAST_MATH = YES;
				SDKROOT = iphoneos;
				SWIFT_COMPILATION_MODE = wholemodule;
				SWIFT_OPTIMIZATION_LEVEL = "-O";
				VALIDATE_PRODUCT = YES;
			};
			name = Release;
		};
		D030157E2601141900048148 /* Debug */ = {
			isa = XCBuildConfiguration;
			buildSettings = {
				ASSETCATALOG_COMPILER_APPICON_NAME = AppIcon;
				ASSETCATALOG_COMPILER_GLOBAL_ACCENT_COLOR_NAME = AccentColor;
				CODE_SIGN_STYLE = Automatic;
				DEVELOPMENT_TEAM = 6MK8KL538A;
				INFOPLIST_FILE = Bartender/Info.plist;
				LD_RUNPATH_SEARCH_PATHS = (
					"$(inherited)",
					"@executable_path/Frameworks",
				);
				PRODUCT_BUNDLE_IDENTIFIER = com.example.Bartender;
				PRODUCT_NAME = "$(TARGET_NAME)";
				SWIFT_VERSION = 5.0;
				TARGETED_DEVICE_FAMILY = "1,2";
			};
			name = Debug;
		};
		D030157F2601141900048148 /* Release */ = {
			isa = XCBuildConfiguration;
			buildSettings = {
				ASSETCATALOG_COMPILER_APPICON_NAME = AppIcon;
				ASSETCATALOG_COMPILER_GLOBAL_ACCENT_COLOR_NAME = AccentColor;
				CODE_SIGN_STYLE = Automatic;
				DEVELOPMENT_TEAM = 6MK8KL538A;
				INFOPLIST_FILE = Bartender/Info.plist;
				LD_RUNPATH_SEARCH_PATHS = (
					"$(inherited)",
					"@executable_path/Frameworks",
				);
				PRODUCT_BUNDLE_IDENTIFIER = com.example.Bartender;
				PRODUCT_NAME = "$(TARGET_NAME)";
				SWIFT_VERSION = 5.0;
				TARGETED_DEVICE_FAMILY = "1,2";
			};
			name = Release;
		};
		D03015812601141900048148 /* Debug */ = {
			isa = XCBuildConfiguration;
			buildSettings = {
				ALWAYS_EMBED_SWIFT_STANDARD_LIBRARIES = YES;
				BUNDLE_LOADER = "$(TEST_HOST)";
				CODE_SIGN_STYLE = Automatic;
				DEVELOPMENT_TEAM = 6MK8KL538A;
				INFOPLIST_FILE = BartenderTests/Info.plist;
				IPHONEOS_DEPLOYMENT_TARGET = 14.4;
				LD_RUNPATH_SEARCH_PATHS = (
					"$(inherited)",
					"@executable_path/Frameworks",
					"@loader_path/Frameworks",
				);
				PRODUCT_BUNDLE_IDENTIFIER = com.example.BartenderTests;
				PRODUCT_NAME = "$(TARGET_NAME)";
				SWIFT_VERSION = 5.0;
				TARGETED_DEVICE_FAMILY = "1,2";
				TEST_HOST = "$(BUILT_PRODUCTS_DIR)/Bartender.app/Bartender";
			};
			name = Debug;
		};
		D03015822601141900048148 /* Release */ = {
			isa = XCBuildConfiguration;
			buildSettings = {
				ALWAYS_EMBED_SWIFT_STANDARD_LIBRARIES = YES;
				BUNDLE_LOADER = "$(TEST_HOST)";
				CODE_SIGN_STYLE = Automatic;
				DEVELOPMENT_TEAM = 6MK8KL538A;
				INFOPLIST_FILE = BartenderTests/Info.plist;
				IPHONEOS_DEPLOYMENT_TARGET = 14.4;
				LD_RUNPATH_SEARCH_PATHS = (
					"$(inherited)",
					"@executable_path/Frameworks",
					"@loader_path/Frameworks",
				);
				PRODUCT_BUNDLE_IDENTIFIER = com.example.BartenderTests;
				PRODUCT_NAME = "$(TARGET_NAME)";
				SWIFT_VERSION = 5.0;
				TARGETED_DEVICE_FAMILY = "1,2";
				TEST_HOST = "$(BUILT_PRODUCTS_DIR)/Bartender.app/Bartender";
			};
			name = Release;
		};
		D03015842601141900048148 /* Debug */ = {
			isa = XCBuildConfiguration;
			buildSettings = {
				ALWAYS_EMBED_SWIFT_STANDARD_LIBRARIES = YES;
				CODE_SIGN_STYLE = Automatic;
				DEVELOPMENT_TEAM = 6MK8KL538A;
				INFOPLIST_FILE = BartenderUITests/Info.plist;
				LD_RUNPATH_SEARCH_PATHS = (
					"$(inherited)",
					"@executable_path/Frameworks",
					"@loader_path/Frameworks",
				);
				PRODUCT_BUNDLE_IDENTIFIER = com.example.BartenderUITests;
				PRODUCT_NAME = "$(TARGET_NAME)";
				SWIFT_VERSION = 5.0;
				TARGETED_DEVICE_FAMILY = "1,2";
				TEST_TARGET_NAME = Bartender;
			};
			name = Debug;
		};
		D03015852601141900048148 /* Release */ = {
			isa = XCBuildConfiguration;
			buildSettings = {
				ALWAYS_EMBED_SWIFT_STANDARD_LIBRARIES = YES;
				CODE_SIGN_STYLE = Automatic;
				DEVELOPMENT_TEAM = 6MK8KL538A;
				INFOPLIST_FILE = BartenderUITests/Info.plist;
				LD_RUNPATH_SEARCH_PATHS = (
					"$(inherited)",
					"@executable_path/Frameworks",
					"@loader_path/Frameworks",
				);
				PRODUCT_BUNDLE_IDENTIFIER = com.example.BartenderUITests;
				PRODUCT_NAME = "$(TARGET_NAME)";
				SWIFT_VERSION = 5.0;
				TARGETED_DEVICE_FAMILY = "1,2";
				TEST_TARGET_NAME = Bartender;
			};
			name = Release;
		};
/* End XCBuildConfiguration section */

/* Begin XCConfigurationList section */
		D030154E2601141300048148 /* Build configuration list for PBXProject "Bartender" */ = {
			isa = XCConfigurationList;
			buildConfigurations = (
				D030157B2601141900048148 /* Debug */,
				D030157C2601141900048148 /* Release */,
			);
			defaultConfigurationIsVisible = 0;
			defaultConfigurationName = Release;
		};
		D030157D2601141900048148 /* Build configuration list for PBXNativeTarget "Bartender" */ = {
			isa = XCConfigurationList;
			buildConfigurations = (
				D030157E2601141900048148 /* Debug */,
				D030157F2601141900048148 /* Release */,
			);
			defaultConfigurationIsVisible = 0;
			defaultConfigurationName = Release;
		};
		D03015802601141900048148 /* Build configuration list for PBXNativeTarget "BartenderTests" */ = {
			isa = XCConfigurationList;
			buildConfigurations = (
				D03015812601141900048148 /* Debug */,
				D03015822601141900048148 /* Release */,
			);
			defaultConfigurationIsVisible = 0;
			defaultConfigurationName = Release;
		};
		D03015832601141900048148 /* Build configuration list for PBXNativeTarget "BartenderUITests" */ = {
			isa = XCConfigurationList;
			buildConfigurations = (
				D03015842601141900048148 /* Debug */,
				D03015852601141900048148 /* Release */,
			);
			defaultConfigurationIsVisible = 0;
			defaultConfigurationName = Release;
		};
/* End XCConfigurationList section */
	};
	rootObject = D030154B2601141300048148 /* Project object */;
}
